
Microsoft Visual Studio Solution File, Format Version 12.00
# Visual Studio Version 16
VisualStudioVersion = 16.0.31129.286
MinimumVisualStudioVersion = 10.0.40219.1
Project("{FAE04EC0-301F-11D3-BF4B-00C04F79EFBC}") = "Demo", "Demo\Demo.csproj", "{A0A96FA3-9F83-4DCC-995A-286396937D22}"
EndProject
Global
	GlobalSection(SolutionConfigurationPlatforms) = preSolution
		Debug|Any CPU = Debug|Any CPU
		Release|Any CPU = Release|Any CPU
	EndGlobalSection
	GlobalSection(ProjectConfigurationPlatforms) = postSolution
		{A0A96FA3-9F83-4DCC-995A-286396937D22}.Debug|Any CPU.ActiveCfg = Debug|Any CPU
		{A0A96FA3-9F83-4DCC-995A-286396937D22}.Debug|Any CPU.Build.0 = Debug|Any CPU
		{A0A96FA3-9F83-4DCC-995A-286396937D22}.Release|Any CPU.ActiveCfg = Release|Any CPU
		{A0A96FA3-9F83-4DCC-995A-286396937D22}.Release|Any CPU.Build.0 = Release|Any CPU
	EndGlobalSection
	GlobalSection(SolutionProperties) = preSolution
		HideSolutionNode = FALSE
	EndGlobalSection
	GlobalSection(ExtensibilityGlobals) = postSolution
		SolutionGuid = {78E9680A-341D-4C2A-A72E-BCA180383C74}
	EndGlobalSection
EndGlobal
